
Microsoft Visual Studio Solution File, Format Version 12.00
# Visual Studio 15
VisualStudioVersion = 15.0.28307.136
MinimumVisualStudioVersion = 10.0.40219.1
Project("{FAE04EC0-301F-11D3-BF4B-00C04F79EFBC}") = "SocketsUWP", "SocketsUWP\SocketsUWP.csproj", "{94598632-BB31-40D1-B6B4-B43CE009E2C4}"
EndProject
Project("{FAE04EC0-301F-11D3-BF4B-00C04F79EFBC}") = "TestSocket_Svr", "TestSocketClient\TestSocket_Svr.csproj", "{3912F372-EF13-4C0B-9B1B-37EE4E4E3A48}"
EndProject
Project("{FAE04EC0-301F-11D3-BF4B-00C04F79EFBC}") = "TestSocket_Client", "TestSocketSvr\TestSocket_Client.csproj", "{180FE8C5-6E4C-40B2-B5D5-41DD2B306E71}"
EndProject
Global
	GlobalSection(SolutionConfigurationPlatforms) = preSolution
		Debug|Any CPU = Debug|Any CPU
		Debug|ARM = Debug|ARM
		Debug|ARM64 = Debug|ARM64
		Debug|x64 = Debug|x64
		Debug|x86 = Debug|x86
		Release|Any CPU = Release|Any CPU
		Release|ARM = Release|ARM
		Release|ARM64 = Release|ARM64
		Release|x64 = Release|x64
		Release|x86 = Release|x86
	EndGlobalSection
	GlobalSection(ProjectConfigurationPlatforms) = postSolution
		{94598632-BB31-40D1-B6B4-B43CE009E2C4}.Debug|Any CPU.ActiveCfg = Debug|Any CPU
		{94598632-BB31-40D1-B6B4-B43CE009E2C4}.Debug|Any CPU.Build.0 = Debug|Any CPU
		{94598632-BB31-40D1-B6B4-B43CE009E2C4}.Debug|ARM.ActiveCfg = Debug|ARM
		{94598632-BB31-40D1-B6B4-B43CE009E2C4}.Debug|ARM.Build.0 = Debug|ARM
		{94598632-BB31-40D1-B6B4-B43CE009E2C4}.Debug|ARM64.ActiveCfg = Debug|ARM64
		{94598632-BB31-40D1-B6B4-B43CE009E2C4}.Debug|ARM64.Build.0 = Debug|ARM64
		{94598632-BB31-40D1-B6B4-B43CE009E2C4}.Debug|x64.ActiveCfg = Debug|x64
		{94598632-BB31-40D1-B6B4-B43CE009E2C4}.Debug|x64.Build.0 = Debug|x64
		{94598632-BB31-40D1-B6B4-B43CE009E2C4}.Debug|x86.ActiveCfg = Debug|x86
		{94598632-BB31-40D1-B6B4-B43CE009E2C4}.Debug|x86.Build.0 = Debug|x86
		{94598632-BB31-40D1-B6B4-B43CE009E2C4}.Release|Any CPU.ActiveCfg = Release|Any CPU
		{94598632-BB31-40D1-B6B4-B43CE009E2C4}.Release|Any CPU.Build.0 = Release|Any CPU
		{94598632-BB31-40D1-B6B4-B43CE009E2C4}.Release|ARM.ActiveCfg = Release|ARM
		{94598632-BB31-40D1-B6B4-B43CE009E2C4}.Release|ARM.Build.0 = Release|ARM
		{94598632-BB31-40D1-B6B4-B43CE009E2C4}.Release|ARM64.ActiveCfg = Release|ARM64
		{94598632-BB31-40D1-B6B4-B43CE009E2C4}.Release|ARM64.Build.0 = Release|ARM64
		{94598632-BB31-40D1-B6B4-B43CE009E2C4}.Release|x64.ActiveCfg = Release|x64
		{94598632-BB31-40D1-B6B4-B43CE009E2C4}.Release|x64.Build.0 = Release|x64
		{94598632-BB31-40D1-B6B4-B43CE009E2C4}.Release|x86.ActiveCfg = Release|x86
		{94598632-BB31-40D1-B6B4-B43CE009E2C4}.Release|x86.Build.0 = Release|x86
		{3912F372-EF13-4C0B-9B1B-37EE4E4E3A48}.Debug|Any CPU.ActiveCfg = Debug|x86
		{3912F372-EF13-4C0B-9B1B-37EE4E4E3A48}.Debug|Any CPU.Build.0 = Debug|x86
		{3912F372-EF13-4C0B-9B1B-37EE4E4E3A48}.Debug|ARM.ActiveCfg = Debug|ARM
		{3912F372-EF13-4C0B-9B1B-37EE4E4E3A48}.Debug|ARM.Build.0 = Debug|ARM
		{3912F372-EF13-4C0B-9B1B-37EE4E4E3A48}.Debug|ARM.Deploy.0 = Debug|ARM
		{3912F372-EF13-4C0B-9B1B-37EE4E4E3A48}.Debug|ARM64.ActiveCfg = Debug|ARM64
		{3912F372-EF13-4C0B-9B1B-37EE4E4E3A48}.Debug|ARM64.Build.0 = Debug|ARM64
		{3912F372-EF13-4C0B-9B1B-37EE4E4E3A48}.Debug|ARM64.Deploy.0 = Debug|ARM64
		{3912F372-EF13-4C0B-9B1B-37EE4E4E3A48}.Debug|x64.ActiveCfg = Debug|x64
		{3912F372-EF13-4C0B-9B1B-37EE4E4E3A48}.Debug|x64.Build.0 = Debug|x64
		{3912F372-EF13-4C0B-9B1B-37EE4E4E3A48}.Debug|x64.Deploy.0 = Debug|x64
		{3912F372-EF13-4C0B-9B1B-37EE4E4E3A48}.Debug|x86.ActiveCfg = Debug|x86
		{3912F372-EF13-4C0B-9B1B-37EE4E4E3A48}.Debug|x86.Build.0 = Debug|x86
		{3912F372-EF13-4C0B-9B1B-37EE4E4E3A48}.Debug|x86.Deploy.0 = Debug|x86
		{3912F372-EF13-4C0B-9B1B-37EE4E4E3A48}.Release|Any CPU.ActiveCfg = Release|x86
		{3912F372-EF13-4C0B-9B1B-37EE4E4E3A48}.Release|ARM.ActiveCfg = Release|ARM
		{3912F372-EF13-4C0B-9B1B-37EE4E4E3A48}.Release|ARM64.ActiveCfg = Release|ARM64
		{3912F372-EF13-4C0B-9B1B-37EE4E4E3A48}.Release|ARM64.Build.0 = Release|ARM64
		{3912F372-EF13-4C0B-9B1B-37EE4E4E3A48}.Release|ARM64.Deploy.0 = Release|ARM64
		{3912F372-EF13-4C0B-9B1B-37EE4E4E3A48}.Release|x64.ActiveCfg = Release|x64
		{3912F372-EF13-4C0B-9B1B-37EE4E4E3A48}.Release|x64.Build.0 = Release|x64
		{3912F372-EF13-4C0B-9B1B-37EE4E4E3A48}.Release|x64.Deploy.0 = Release|x64
		{3912F372-EF13-4C0B-9B1B-37EE4E4E3A48}.Release|x86.ActiveCfg = Release|x86
		{3912F372-EF13-4C0B-9B1B-37EE4E4E3A48}.Release|x86.Build.0 = Release|x86
		{3912F372-EF13-4C0B-9B1B-37EE4E4E3A48}.Release|x86.Deploy.0 = Release|x86
		{180FE8C5-6E4C-40B2-B5D5-41DD2B306E71}.Debug|Any CPU.ActiveCfg = Debug|x86
		{180FE8C5-6E4C-40B2-B5D5-41DD2B306E71}.Debug|Any CPU.Build.0 = Debug|x86
		{180FE8C5-6E4C-40B2-B5D5-41DD2B306E71}.Debug|ARM.ActiveCfg = Debug|ARM
		{180FE8C5-6E4C-40B2-B5D5-41DD2B306E71}.Debug|ARM.Build.0 = Debug|ARM
		{180FE8C5-6E4C-40B2-B5D5-41DD2B306E71}.Debug|ARM.Deploy.0 = Debug|ARM
		{180FE8C5-6E4C-40B2-B5D5-41DD2B306E71}.Debug|ARM64.ActiveCfg = Debug|ARM64
		{180FE8C5-6E4C-40B2-B5D5-41DD2B306E71}.Debug|ARM64.Build.0 = Debug|ARM64
		{180FE8C5-6E4C-40B2-B5D5-41DD2B306E71}.Debug|ARM64.Deploy.0 = Debug|ARM64
		{180FE8C5-6E4C-40B2-B5D5-41DD2B306E71}.Debug|x64.ActiveCfg = Debug|x64
		{180FE8C5-6E4C-40B2-B5D5-41DD2B306E71}.Debug|x64.Build.0 = Debug|x64
		{180FE8C5-6E4C-40B2-B5D5-41DD2B306E71}.Debug|x64.Deploy.0 = Debug|x64
		{180FE8C5-6E4C-40B2-B5D5-41DD2B306E71}.Debug|x86.ActiveCfg = Debug|x86
		{180FE8C5-6E4C-40B2-B5D5-41DD2B306E71}.Debug|x86.Build.0 = Debug|x86
		{180FE8C5-6E4C-40B2-B5D5-41DD2B306E71}.Debug|x86.Deploy.0 = Debug|x86
		{180FE8C5-6E4C-40B2-B5D5-41DD2B306E71}.Release|Any CPU.ActiveCfg = Release|x86
		{180FE8C5-6E4C-40B2-B5D5-41DD2B306E71}.Release|ARM.ActiveCfg = Release|ARM
		{180FE8C5-6E4C-40B2-B5D5-41DD2B306E71}.Release|ARM.Build.0 = Release|ARM
		{180FE8C5-6E4C-40B2-B5D5-41DD2B306E71}.Release|ARM.Deploy.0 = Release|ARM
		{180FE8C5-6E4C-40B2-B5D5-41DD2B306E71}.Release|ARM64.ActiveCfg = Release|ARM64
		{180FE8C5-6E4C-40B2-B5D5-41DD2B306E71}.Release|ARM64.Build.0 = Release|ARM64
		{180FE8C5-6E4C-40B2-B5D5-41DD2B306E71}.Release|ARM64.Deploy.0 = Release|ARM64
		{180FE8C5-6E4C-40B2-B5D5-41DD2B306E71}.Release|x64.ActiveCfg = Release|x64
		{180FE8C5-6E4C-40B2-B5D5-41DD2B306E71}.Release|x64.Build.0 = Release|x64
		{180FE8C5-6E4C-40B2-B5D5-41DD2B306E71}.Release|x64.Deploy.0 = Release|x64
		{180FE8C5-6E4C-40B2-B5D5-41DD2B306E71}.Release|x86.ActiveCfg = Release|x86
		{180FE8C5-6E4C-40B2-B5D5-41DD2B306E71}.Release|x86.Build.0 = Release|x86
		{180FE8C5-6E4C-40B2-B5D5-41DD2B306E71}.Release|x86.Deploy.0 = Release|x86
	EndGlobalSection
	GlobalSection(SolutionProperties) = preSolution
		HideSolutionNode = FALSE
	EndGlobalSection
	GlobalSection(ExtensibilityGlobals) = postSolution
		SolutionGuid = {26D733A2-267C-485C-B3F5-A7129D0B0978}
	EndGlobalSection
EndGlobal
